
Microsoft Visual Studio Solution File, Format Version 12.00
# Visual Studio 15
VisualStudioVersion = 15.0.27703.2042
MinimumVisualStudioVersion = 10.0.40219.1
Project("{9A19103F-16F7-4668-BE54-9A1E7A4F7556}") = "CouponSite", "CouponSite\CouponSite.csproj", "{8AFACE15-E5EB-4CFC-95C0-2BD5406FC2E9}"
EndProject
Global
	GlobalSection(SolutionConfigurationPlatforms) = preSolution
		Debug|Any CPU = Debug|Any CPU
		Release|Any CPU = Release|Any CPU
	EndGlobalSection
	GlobalSection(ProjectConfigurationPlatforms) = postSolution
		{8AFACE15-E5EB-4CFC-95C0-2BD5406FC2E9}.Debug|Any CPU.ActiveCfg = Debug|Any CPU
		{8AFACE15-E5EB-4CFC-95C0-2BD5406FC2E9}.Debug|Any CPU.Build.0 = Debug|Any CPU
		{8AFACE15-E5EB-4CFC-95C0-2BD5406FC2E9}.Release|Any CPU.ActiveCfg = Release|Any CPU
		{8AFACE15-E5EB-4CFC-95C0-2BD5406FC2E9}.Release|Any CPU.Build.0 = Release|Any CPU
	EndGlobalSection
	GlobalSection(SolutionProperties) = preSolution
		HideSolutionNode = FALSE
	EndGlobalSection
	GlobalSection(ExtensibilityGlobals) = postSolution
		SolutionGuid = {5CDF224D-1CEE-48DC-BBA1-8345599D3FBA}
	EndGlobalSection
EndGlobal
